
Microsoft Visual Studio Solution File, Format Version 12.00
# Visual Studio Version 16
VisualStudioVersion = 16.0.31313.79
MinimumVisualStudioVersion = 10.0.40219.1
Project("{FAE04EC0-301F-11D3-BF4B-00C04F79EFBC}") = "Open Price Calculator", "Open Price Calculator\Open Price Calculator.csproj", "{56EE7818-1CBD-4253-A461-EA502C646B43}"
EndProject
Global
	GlobalSection(SolutionConfigurationPlatforms) = preSolution
		Debug|Any CPU = Debug|Any CPU
		Release|Any CPU = Release|Any CPU
	EndGlobalSection
	GlobalSection(ProjectConfigurationPlatforms) = postSolution
		{56EE7818-1CBD-4253-A461-EA502C646B43}.Debug|Any CPU.ActiveCfg = Debug|Any CPU
		{56EE7818-1CBD-4253-A461-EA502C646B43}.Debug|Any CPU.Build.0 = Debug|Any CPU
		{56EE7818-1CBD-4253-A461-EA502C646B43}.Release|Any CPU.ActiveCfg = Release|Any CPU
		{56EE7818-1CBD-4253-A461-EA502C646B43}.Release|Any CPU.Build.0 = Release|Any CPU
	EndGlobalSection
	GlobalSection(SolutionProperties) = preSolution
		HideSolutionNode = FALSE
	EndGlobalSection
	GlobalSection(ExtensibilityGlobals) = postSolution
		SolutionGuid = {662CA2EE-989F-43DE-8A86-EBE61EC585B5}
	EndGlobalSection
EndGlobal
